
Microsoft Visual Studio Solution File, Format Version 12.00
# Visual Studio Version 17
VisualStudioVersion = 17.3.32929.385
MinimumVisualStudioVersion = 10.0.40219.1
Project("{FAE04EC0-301F-11D3-BF4B-00C04F79EFBC}") = "LineComparisonProblem", "LineComparisonProblem.csproj", "{DE136FF6-AB33-431D-83E3-11DE85AA6ABE}"
EndProject
Global
	GlobalSection(SolutionConfigurationPlatforms) = preSolution
		Debug|Any CPU = Debug|Any CPU
		Release|Any CPU = Release|Any CPU
	EndGlobalSection
	GlobalSection(ProjectConfigurationPlatforms) = postSolution
		{DE136FF6-AB33-431D-83E3-11DE85AA6ABE}.Debug|Any CPU.ActiveCfg = Debug|Any CPU
		{DE136FF6-AB33-431D-83E3-11DE85AA6ABE}.Debug|Any CPU.Build.0 = Debug|Any CPU
		{DE136FF6-AB33-431D-83E3-11DE85AA6ABE}.Release|Any CPU.ActiveCfg = Release|Any CPU
		{DE136FF6-AB33-431D-83E3-11DE85AA6ABE}.Release|Any CPU.Build.0 = Release|Any CPU
	EndGlobalSection
	GlobalSection(SolutionProperties) = preSolution
		HideSolutionNode = FALSE
	EndGlobalSection
	GlobalSection(ExtensibilityGlobals) = postSolution
		SolutionGuid = {7EE67208-228C-44BD-BAB2-9B23E12EEA1E}
	EndGlobalSection
EndGlobal
